
Microsoft Visual Studio Solution File, Format Version 12.00
# Visual Studio Version 17
VisualStudioVersion = 17.10.35122.118
MinimumVisualStudioVersion = 10.0.40219.1
Project("{9A19103F-16F7-4668-BE54-9A1E7A4F7556}") = "CD_4", "CD_4.csproj", "{2C43170A-85BD-48BF-80E6-B478417E8445}"
EndProject
Project("{2150E333-8FDC-42A3-9474-1A3956D46DE8}") = "솔루션 항목", "솔루션 항목", "{364BAF5A-2360-4F91-A497-FEB9C50103AF}"
	ProjectSection(SolutionItems) = preProject
		MainWindow.xaml.cs = MainWindow.xaml.cs
	EndProjectSection
EndProject
Global
	GlobalSection(SolutionConfigurationPlatforms) = preSolution
		Debug|Any CPU = Debug|Any CPU
		Release|Any CPU = Release|Any CPU
	EndGlobalSection
	GlobalSection(ProjectConfigurationPlatforms) = postSolution
		{2C43170A-85BD-48BF-80E6-B478417E8445}.Debug|Any CPU.ActiveCfg = Debug|Any CPU
		{2C43170A-85BD-48BF-80E6-B478417E8445}.Debug|Any CPU.Build.0 = Debug|Any CPU
		{2C43170A-85BD-48BF-80E6-B478417E8445}.Release|Any CPU.ActiveCfg = Release|Any CPU
		{2C43170A-85BD-48BF-80E6-B478417E8445}.Release|Any CPU.Build.0 = Release|Any CPU
	EndGlobalSection
	GlobalSection(SolutionProperties) = preSolution
		HideSolutionNode = FALSE
	EndGlobalSection
	GlobalSection(ExtensibilityGlobals) = postSolution
		SolutionGuid = {D856D3D4-09E3-4D52-BD3A-FED36E3F3A58}
	EndGlobalSection
EndGlobal
